{
  "name": "Transport_gentetic",
  "lockfileVersion": 3,
  "requires": true,
  "packages": {
    "": {
      "dependencies": {
        "openrouteservice-js": "^0.3.0",
        "vue-yandex-maps": "^0.12.7"
      }
    },
    "node_modules/openrouteservice-js": {
      "version": "0.3.0",
      "resolved": "https://registry.npmjs.org/openrouteservice-js/-/openrouteservice-js-0.3.0.tgz",
      "integrity": "sha512-BL1azfaWAGV4haOLLJOqdZ0sk1k4zH1gIVJEfpe0PMGVyBQ3NbhVvyk48zwF6cAATPECSuSW3LNsdhbKJK6njg=="
    },
    "node_modules/vue-yandex-maps": {
      "version": "0.12.7",
      "resolved": "https://registry.npmjs.org/vue-yandex-maps/-/vue-yandex-maps-0.12.7.tgz",
      "integrity": "sha512-xP9juQCF4MQvMUMcPUrPyHQoaKr4ULw/Z1Tcmte4nfcbelg1SXksROxAQYB2woz5EwSOnO5SEEigX0AkWE0suA=="
    }
  }
}
